// !$*UTF8*$!
{
	archiveVersion = 1;
	classes = {
	};
	objectVersion = 46;
	objects = {

/* Begin PBXBuildFile section */
		092D32F31C43E29E005DF854 /* main.m in Sources */ = {isa = PBXBuildFile; fileRef = 092D32F21C43E29E005DF854 /* main.m */; };
		092D32F61C43E29E005DF854 /* AppDelegate.m in Sources */ = {isa = PBXBuildFile; fileRef = 092D32F51C43E29E005DF854 /* AppDelegate.m */; };
		092D32F91C43E29E005DF854 /* ViewController.m in Sources */ = {isa = PBXBuildFile; fileRef = 092D32F81C43E29E005DF854 /* ViewController.m */; };
		092D32FC1C43E29E005DF854 /* Main.storyboard in Resources */ = {isa = PBXBuildFile; fileRef = 092D32FA1C43E29E005DF854 /* Main.storyboard */; };
		092D32FE1C43E29E005DF854 /* Assets.xcassets in Resources */ = {isa = PBXBuildFile; fileRef = 092D32FD1C43E29E005DF854 /* Assets.xcassets */; };
		092D33011C43E29E005DF854 /* LaunchScreen.storyboard in Resources */ = {isa = PBXBuildFile; fileRef = 092D32FF1C43E29E005DF854 /* LaunchScreen.storyboard */; };
		092D330C1C43E29F005DF854 /* singletonTests.m in Sources */ = {isa = PBXBuildFile; fileRef = 092D330B1C43E29F005DF854 /* singletonTests.m */; };
		092D33171C43E29F005DF854 /* singletonUITests.m in Sources */ = {isa = PBXBuildFile; fileRef = 092D33161C43E29F005DF854 /* singletonUITests.m */; };
/* End PBXBuildFile section */

/* Begin PBXContainerItemProxy section */
		092D33081C43E29F005DF854 /* PBXContainerItemProxy */ = {
			isa = PBXContainerItemProxy;
			containerPortal = 092D32E61C43E29E005DF854 /* Project object */;
			proxyType = 1;
			remoteGlobalIDString = 092D32ED1C43E29E005DF854;
			remoteInfo = singleton;
		};
		092D33131C43E29F005DF854 /* PBXContainerItemProxy */ = {
			isa = PBXContainerItemProxy;
			containerPortal = 092D32E61C43E29E005DF854 /* Project object */;
			proxyType = 1;
			remoteGlobalIDString = 092D32ED1C43E29E005DF854;
			remoteInfo = singleton;
		};
/* End PBXContainerItemProxy section */

/* Begin PBXFileReference section */
		092D32EE1C43E29E005DF854 /* singleton.app */ = {isa = PBXFileReference; explicitFileType = wrapper.application; includeInIndex = 0; path = singleton.app; sourceTree = BUILT_PRODUCTS_DIR; };
		092D32F21C43E29E005DF854 /* main.m */ = {isa = PBXFileReference; lastKnownFileType = sourcecode.c.objc; path = main.m; sourceTree = "<group>"; };
		092D32F41C43E29E005DF854 /* AppDelegate.h */ = {isa = PBXFileReference; lastKnownFileType = sourcecode.c.h; path = AppDelegate.h; sourceTree = "<group>"; };
		092D32F51C43E29E005DF854 /* AppDelegate.m */ = {isa = PBXFileReference; lastKnownFileType = sourcecode.c.objc; path = AppDelegate.m; sourceTree = "<group>"; };
		092D32F71C43E29E005DF854 /* ViewController.h */ = {isa = PBXFileReference; lastKnownFileType = sourcecode.c.h; path = ViewController.h; sourceTree = "<group>"; };
		092D32F81C43E29E005DF854 /* ViewController.m */ = {isa = PBXFileReference; lastKnownFileType = sourcecode.c.objc; path = ViewController.m; sourceTree = "<group>"; };
		092D32FB1C43E29E005DF854 /* Base */ = {isa = PBXFileReference; lastKnownFileType = file.storyboard; name = Base; path = Base.lproj/Main.storyboard; sourceTree = "<group>"; };
		092D32FD1C43E29E005DF854 /* Assets.xcassets */ = {isa = PBXFileReference; lastKnownFileType = folder.assetcatalog; path = Assets.xcassets; sourceTree = "<group>"; };
		092D33001C43E29E005DF854 /* Base */ = {isa = PBXFileReference; lastKnownFileType = file.storyboard; name = Base; path = Base.lproj/LaunchScreen.storyboard; sourceTree = "<group>"; };
		092D33021C43E29E005DF854 /* Info.plist */ = {isa = PBXFileReference; lastKnownFileType = text.plist.xml; path = Info.plist; sourceTree = "<group>"; };
		092D33071C43E29F005DF854 /* singletonTests.xctest */ = {isa = PBXFileReference; explicitFileType = wrapper.cfbundle; includeInIndex = 0; path = singletonTests.xctest; sourceTree = BUILT_PRODUCTS_DIR; };
		092D330B1C43E29F005DF854 /* singletonTests.m */ = {isa = PBXFileReference; lastKnownFileType = sourcecode.c.objc; path = singletonTests.m; sourceTree = "<group>"; };
		092D330D1C43E29F005DF854 /* Info.plist */ = {isa = PBXFileReference; lastKnownFileType = text.plist.xml; path = Info.plist; sourceTree = "<group>"; };
		092D33121C43E29F005DF854 /* singletonUITests.xctest */ = {isa = PBXFileReference; explicitFileType = wrapper.cfbundle; includeInIndex = 0; path = singletonUITests.xctest; sourceTree = BUILT_PRODUCTS_DIR; };
		092D33161C43E29F005DF854 /* singletonUITests.m */ = {isa = PBXFileReference; lastKnownFileType = sourcecode.c.objc; path = singletonUITests.m; sourceTree = "<group>"; };
		092D33181C43E29F005DF854 /* Info.plist */ = {isa = PBXFileReference; lastKnownFileType = text.plist.xml; path = Info.plist; sourceTree = "<group>"; };
/* End PBXFileReference section */

/* Begin PBXFrameworksBuildPhase section */
		092D32EB1C43E29E005DF854 /* Frameworks */ = {
			isa = PBXFrameworksBuildPhase;
			buildActionMask = 2147483647;
			files = (
			);
			runOnlyForDeploymentPostprocessing = 0;
		};
		092D33041C43E29F005DF854 /* Frameworks */ = {
			isa = PBXFrameworksBuildPhase;
			buildActionMask = 2147483647;
			files = (
			);
			runOnlyForDeploymentPostprocessing = 0;
		};
		092D330F1C43E29F005DF854 /* Frameworks */ = {
			isa = PBXFrameworksBuildPhase;
			buildActionMask = 2147483647;
			files = (
			);
			runOnlyForDeploymentPostprocessing = 0;
		};
/* End PBXFrameworksBuildPhase section */

/* Begin PBXGroup section */
		092D32E51C43E29E005DF854 = {
			isa = PBXGroup;
			children = (
				092D32F01C43E29E005DF854 /* singleton */,
				092D330A1C43E29F005DF854 /* singletonTests */,
				092D33151C43E29F005DF854 /* singletonUITests */,
				092D32EF1C43E29E005DF854 /* Products */,
			);
			sourceTree = "<group>";
		};
		092D32EF1C43E29E005DF854 /* Products */ = {
			isa = PBXGroup;
			children = (
				092D32EE1C43E29E005DF854 /* singleton.app */,
				092D33071C43E29F005DF854 /* singletonTests.xctest */,
				092D33121C43E29F005DF854 /* singletonUITests.xctest */,
			);
			name = Products;
			sourceTree = "<group>";
		};
		092D32F01C43E29E005DF854 /* singleton */ = {
			isa = PBXGroup;
			children = (
				092D32F41C43E29E005DF854 /* AppDelegate.h */,
				092D32F51C43E29E005DF854 /* AppDelegate.m */,
				092D32F71C43E29E005DF854 /* ViewController.h */,
				092D32F81C43E29E005DF854 /* ViewController.m */,
				092D32FA1C43E29E005DF854 /* Main.storyboard */,
				092D32FD1C43E29E005DF854 /* Assets.xcassets */,
				092D32FF1C43E29E005DF854 /* LaunchScreen.storyboard */,
				092D33021C43E29E005DF854 /* Info.plist */,
				092D32F11C43E29E005DF854 /* Supporting Files */,
			);
			path = singleton;
			sourceTree = "<group>";
		};
		092D32F11C43E29E005DF854 /* Supporting Files */ = {
			isa = PBXGroup;
			children = (
				092D32F21C43E29E005DF854 /* main.m */,
			);
			name = "Supporting Files";
			sourceTree = "<group>";
		};
		092D330A1C43E29F005DF854 /* singletonTests */ = {
			isa = PBXGroup;
			children = (
				092D330B1C43E29F005DF854 /* singletonTests.m */,
				092D330D1C43E29F005DF854 /* Info.plist */,
			);
			path = singletonTests;
			sourceTree = "<group>";
		};
		092D33151C43E29F005DF854 /* singletonUITests */ = {
			isa = PBXGroup;
			children = (
				092D33161C43E29F005DF854 /* singletonUITests.m */,
				092D33181C43E29F005DF854 /* Info.plist */,
			);
			path = singletonUITests;
			sourceTree = "<group>";
		};
/* End PBXGroup section */

/* Begin PBXNativeTarget section */
		092D32ED1C43E29E005DF854 /* singleton */ = {
			isa = PBXNativeTarget;
			buildConfigurationList = 092D331B1C43E29F005DF854 /* Build configuration list for PBXNativeTarget "singleton" */;
			buildPhases = (
				092D32EA1C43E29E005DF854 /* Sources */,
				092D32EB1C43E29E005DF854 /* Frameworks */,
				092D32EC1C43E29E005DF854 /* Resources */,
			);
			buildRules = (
			);
			dependencies = (
			);
			name = singleton;
			productName = singleton;
			productReference = 092D32EE1C43E29E005DF854 /* singleton.app */;
			productType = "com.apple.product-type.application";
		};
		092D33061C43E29F005DF854 /* singletonTests */ = {
			isa = PBXNativeTarget;
			buildConfigurationList = 092D331E1C43E29F005DF854 /* Build configuration list for PBXNativeTarget "singletonTests" */;
			buildPhases = (
				092D33031C43E29F005DF854 /* Sources */,
				092D33041C43E29F005DF854 /* Frameworks */,
				092D33051C43E29F005DF854 /* Resources */,
			);
			buildRules = (
			);
			dependencies = (
				092D33091C43E29F005DF854 /* PBXTargetDependency */,
			);
			name = singletonTests;
			productName = singletonTests;
			productReference = 092D33071C43E29F005DF854 /* singletonTests.xctest */;
			productType = "com.apple.product-type.bundle.unit-test";
		};
		092D33111C43E29F005DF854 /* singletonUITests */ = {
			isa = PBXNativeTarget;
			buildConfigurationList = 092D33211C43E29F005DF854 /* Build configuration list for PBXNativeTarget "singletonUITests" */;
			buildPhases = (
				092D330E1C43E29F005DF854 /* Sources */,
				092D330F1C43E29F005DF854 /* Frameworks */,
				092D33101C43E29F005DF854 /* Resources */,
			);
			buildRules = (
			);
			dependencies = (
				092D33141C43E29F005DF854 /* PBXTargetDependency */,
			);
			name = singletonUITests;
			productName = singletonUITests;
			productReference = 092D33121C43E29F005DF854 /* singletonUITests.xctest */;
			productType = "com.apple.product-type.bundle.ui-testing";
		};
/* End PBXNativeTarget section */

/* Begin PBXProject section */
		092D32E61C43E29E005DF854 /* Project object */ = {
			isa = PBXProject;
			attributes = {
				LastUpgradeCheck = 0720;
				ORGANIZATIONNAME = wyh;
				TargetAttributes = {
					092D32ED1C43E29E005DF854 = {
						CreatedOnToolsVersion = 7.2;
					};
					092D33061C43E29F005DF854 = {
						CreatedOnToolsVersion = 7.2;
						TestTargetID = 092D32ED1C43E29E005DF854;
					};
					092D33111C43E29F005DF854 = {
						CreatedOnToolsVersion = 7.2;
						TestTargetID = 092D32ED1C43E29E005DF854;
					};
				};
			};
			buildConfigurationList = 092D32E91C43E29E005DF854 /* Build configuration list for PBXProject "singleton" */;
			compatibilityVersion = "Xcode 3.2";
			developmentRegion = English;
			hasScannedForEncodings = 0;
			knownRegions = (
				en,
				Base,
			);
			mainGroup = 092D32E51C43E29E005DF854;
			productRefGroup = 092D32EF1C43E29E005DF854 /* Products */;
			projectDirPath = "";
			projectRoot = "";
			targets = (
				092D32ED1C43E29E005DF854 /* singleton */,
				092D33061C43E29F005DF854 /* singletonTests */,
				092D33111C43E29F005DF854 /* singletonUITests */,
			);
		};
/* End PBXProject section */

/* Begin PBXResourcesBuildPhase section */
		092D32EC1C43E29E005DF854 /* Resources */ = {
			isa = PBXResourcesBuildPhase;
			buildActionMask = 2147483647;
			files = (
				092D33011C43E29E005DF854 /* LaunchScreen.storyboard in Resources */,
				092D32FE1C43E29E005DF854 /* Assets.xcassets in Resources */,
				092D32FC1C43E29E005DF854 /* Main.storyboard in Resources */,
			);
			runOnlyForDeploymentPostprocessing = 0;
		};
		092D33051C43E29F005DF854 /* Resources */ = {
			isa = PBXResourcesBuildPhase;
			buildActionMask = 2147483647;
			files = (
			);
			runOnlyForDeploymentPostprocessing = 0;
		};
		092D33101C43E29F005DF854 /* Resources */ = {
			isa = PBXResourcesBuildPhase;
			buildActionMask = 2147483647;
			files = (
			);
			runOnlyForDeploymentPostprocessing = 0;
		};
/* End PBXResourcesBuildPhase section */

/* Begin PBXSourcesBuildPhase section */
		092D32EA1C43E29E005DF854 /* Sources */ = {
			isa = PBXSourcesBuildPhase;
			buildActionMask = 2147483647;
			files = (
				092D32F91C43E29E005DF854 /* ViewController.m in Sources */,
				092D32F61C43E29E005DF854 /* AppDelegate.m in Sources */,
				092D32F31C43E29E005DF854 /* main.m in Sources */,
			);
			runOnlyForDeploymentPostprocessing = 0;
		};
		092D33031C43E29F005DF854 /* Sources */ = {
			isa = PBXSourcesBuildPhase;
			buildActionMask = 2147483647;
			files = (
				092D330C1C43E29F005DF854 /* singletonTests.m in Sources */,
			);
			runOnlyForDeploymentPostprocessing = 0;
		};
		092D330E1C43E29F005DF854 /* Sources */ = {
			isa = PBXSourcesBuildPhase;
			buildActionMask = 2147483647;
			files = (
				092D33171C43E29F005DF854 /* singletonUITests.m in Sources */,
			);
			runOnlyForDeploymentPostprocessing = 0;
		};
/* End PBXSourcesBuildPhase section */

/* Begin PBXTargetDependency section */
		092D33091C43E29F005DF854 /* PBXTargetDependency */ = {
			isa = PBXTargetDependency;
			target = 092D32ED1C43E29E005DF854 /* singleton */;
			targetProxy = 092D33081C43E29F005DF854 /* PBXContainerItemProxy */;
		};
		092D33141C43E29F005DF854 /* PBXTargetDependency */ = {
			isa = PBXTargetDependency;
			target = 092D32ED1C43E29E005DF854 /* singleton */;
			targetProxy = 092D33131C43E29F005DF854 /* PBXContainerItemProxy */;
		};
/* End PBXTargetDependency section */

/* Begin PBXVariantGroup section */
		092D32FA1C43E29E005DF854 /* Main.storyboard */ = {
			isa = PBXVariantGroup;
			children = (
				092D32FB1C43E29E005DF854 /* Base */,
			);
			name = Main.storyboard;
			sourceTree = "<group>";
		};
		092D32FF1C43E29E005DF854 /* LaunchScreen.storyboard */ = {
			isa = PBXVariantGroup;
			children = (
				092D33001C43E29E005DF854 /* Base */,
			);
			name = LaunchScreen.storyboard;
			sourceTree = "<group>";
		};
/* End PBXVariantGroup section */

/* Begin XCBuildConfiguration section */
		092D33191C43E29F005DF854 /* Debug */ = {
			isa = XCBuildConfiguration;
			buildSettings = {
				ALWAYS_SEARCH_USER_PATHS = NO;
				CLANG_CXX_LANGUAGE_STANDARD = "gnu++0x";
				CLANG_CXX_LIBRARY = "libc++";
				CLANG_ENABLE_MODULES = YES;
				CLANG_ENABLE_OBJC_ARC = YES;
				CLANG_WARN_BOOL_CONVERSION = YES;
				CLANG_WARN_CONSTANT_CONVERSION = YES;
				CLANG_WARN_DIRECT_OBJC_ISA_USAGE = YES_ERROR;
				CLANG_WARN_EMPTY_BODY = YES;
				CLANG_WARN_ENUM_CONVERSION = YES;
				CLANG_WARN_INT_CONVERSION = YES;
				CLANG_WARN_OBJC_ROOT_CLASS = YES_ERROR;
				CLANG_WARN_UNREACHABLE_CODE = YES;
				CLANG_WARN__DUPLICATE_METHOD_MATCH = YES;
				"CODE_SIGN_IDENTITY[sdk=iphoneos*]" = "iPhone Developer";
				COPY_PHASE_STRIP = NO;
				DEBUG_INFORMATION_FORMAT = dwarf;
				ENABLE_STRICT_OBJC_MSGSEND = YES;
				ENABLE_TESTABILITY = YES;
				GCC_C_LANGUAGE_STANDARD = gnu99;
				GCC_DYNAMIC_NO_PIC = NO;
				GCC_NO_COMMON_BLOCKS = YES;
				GCC_OPTIMIZATION_LEVEL = 0;
				GCC_PREPROCESSOR_DEFINITIONS = (
					"DEBUG=1",
					"$(inherited)",
				);
				GCC_WARN_64_TO_32_BIT_CONVERSION = YES;
				GCC_WARN_ABOUT_RETURN_TYPE = YES_ERROR;
				GCC_WARN_UNDECLARED_SELECTOR = YES;
				GCC_WARN_UNINITIALIZED_AUTOS = YES_AGGRESSIVE;
				GCC_WARN_UNUSED_FUNCTION = YES;
				GCC_WARN_UNUSED_VARIABLE = YES;
				IPHONEOS_DEPLOYMENT_TARGET = 9.2;
				MTL_ENABLE_DEBUG_INFO = YES;
				ONLY_ACTIVE_ARCH = YES;
				SDKROOT = iphoneos;
			};
			name = Debug;
		};
		092D331A1C43E29F005DF854 /* Release */ = {
			isa = XCBuildConfiguration;
			buildSettings = {
				ALWAYS_SEARCH_USER_PATHS = NO;
				CLANG_CXX_LANGUAGE_STANDARD = "gnu++0x";
				CLANG_CXX_LIBRARY = "libc++";
				CLANG_ENABLE_MODULES = YES;
				CLANG_ENABLE_OBJC_ARC = YES;
				CLANG_WARN_BOOL_CONVERSION = YES;
				CLANG_WARN_CONSTANT_CONVERSION = YES;
				CLANG_WARN_DIRECT_OBJC_ISA_USAGE = YES_ERROR;
				CLANG_WARN_EMPTY_BODY = YES;
				CLANG_WARN_ENUM_CONVERSION = YES;
				CLANG_WARN_INT_CONVERSION = YES;
				CLANG_WARN_OBJC_ROOT_CLASS = YES_ERROR;
				CLANG_WARN_UNREACHABLE_CODE = YES;
				CLANG_WARN__DUPLICATE_METHOD_MATCH = YES;
				"CODE_SIGN_IDENTITY[sdk=iphoneos*]" = "iPhone Developer";
				COPY_PHASE_STRIP = NO;
				DEBUG_INFORMATION_FORMAT = "dwarf-with-dsym";
				ENABLE_NS_ASSERTIONS = NO;
				ENABLE_STRICT_OBJC_MSGSEND = YES;
				GCC_C_LANGUAGE_STANDARD = gnu99;
				GCC_NO_COMMON_BLOCKS = YES;
				GCC_WARN_64_TO_32_BIT_CONVERSION = YES;
				GCC_WARN_ABOUT_RETURN_TYPE = YES_ERROR;
				GCC_WARN_UNDECLARED_SELECTOR = YES;
				GCC_WARN_UNINITIALIZED_AUTOS = YES_AGGRESSIVE;
				GCC_WARN_UNUSED_FUNCTION = YES;
				GCC_WARN_UNUSED_VARIABLE = YES;
				IPHONEOS_DEPLOYMENT_TARGET = 9.2;
				MTL_ENABLE_DEBUG_INFO = NO;
				SDKROOT = iphoneos;
				VALIDATE_PRODUCT = YES;
			};
			name = Release;
		};
		092D331C1C43E29F005DF854 /* Debug */ = {
			isa = XCBuildConfiguration;
			buildSettings = {
				ASSETCATALOG_COMPILER_APPICON_NAME = AppIcon;
				INFOPLIST_FILE = singleton/Info.plist;
				LD_RUNPATH_SEARCH_PATHS = "$(inherited) @executable_path/Frameworks";
				PRODUCT_BUNDLE_IDENTIFIER = cn.wyh.singleton;
				PRODUCT_NAME = "$(TARGET_NAME)";
			};
			name = Debug;
		};
		092D331D1C43E29F005DF854 /* Release */ = {
			isa = XCBuildConfiguration;
			buildSettings = {
				ASSETCATALOG_COMPILER_APPICON_NAME = AppIcon;
				INFOPLIST_FILE = singleton/Info.plist;
				LD_RUNPATH_SEARCH_PATHS = "$(inherited) @executable_path/Frameworks";
				PRODUCT_BUNDLE_IDENTIFIER = cn.wyh.singleton;
				PRODUCT_NAME = "$(TARGET_NAME)";
			};
			name = Release;
		};
		092D331F1C43E29F005DF854 /* Debug */ = {
			isa = XCBuildConfiguration;
			buildSettings = {
				BUNDLE_LOADER = "$(TEST_HOST)";
				INFOPLIST_FILE = singletonTests/Info.plist;
				LD_RUNPATH_SEARCH_PATHS = "$(inherited) @executable_path/Frameworks @loader_path/Frameworks";
				PRODUCT_BUNDLE_IDENTIFIER = cn.wyh.singletonTests;
				PRODUCT_NAME = "$(TARGET_NAME)";
				TEST_HOST = "$(BUILT_PRODUCTS_DIR)/singleton.app/singleton";
			};
			name = Debug;
		};
		092D33201C43E29F005DF854 /* Release */ = {
			isa = XCBuildConfiguration;
			buildSettings = {
				BUNDLE_LOADER = "$(TEST_HOST)";
				INFOPLIST_FILE = singletonTests/Info.plist;
				LD_RUNPATH_SEARCH_PATHS = "$(inherited) @executable_path/Frameworks @loader_path/Frameworks";
				PRODUCT_BUNDLE_IDENTIFIER = cn.wyh.singletonTests;
				PRODUCT_NAME = "$(TARGET_NAME)";
				TEST_HOST = "$(BUILT_PRODUCTS_DIR)/singleton.app/singleton";
			};
			name = Release;
		};
		092D33221C43E29F005DF854 /* Debug */ = {
			isa = XCBuildConfiguration;
			buildSettings = {
				INFOPLIST_FILE = singletonUITests/Info.plist;
				LD_RUNPATH_SEARCH_PATHS = "$(inherited) @executable_path/Frameworks @loader_path/Frameworks";
				PRODUCT_BUNDLE_IDENTIFIER = cn.wyh.singletonUITests;
				PRODUCT_NAME = "$(TARGET_NAME)";
				TEST_TARGET_NAME = singleton;
				USES_XCTRUNNER = YES;
			};
			name = Debug;
		};
		092D33231C43E29F005DF854 /* Release */ = {
			isa = XCBuildConfiguration;
			buildSettings = {
				INFOPLIST_FILE = singletonUITests/Info.plist;
				LD_RUNPATH_SEARCH_PATHS = "$(inherited) @executable_path/Frameworks @loader_path/Frameworks";
				PRODUCT_BUNDLE_IDENTIFIER = cn.wyh.singletonUITests;
				PRODUCT_NAME = "$(TARGET_NAME)";
				TEST_TARGET_NAME = singleton;
				USES_XCTRUNNER = YES;
			};
			name = Release;
		};
/* End XCBuildConfiguration section */

/* Begin XCConfigurationList section */
		092D32E91C43E29E005DF854 /* Build configuration list for PBXProject "singleton" */ = {
			isa = XCConfigurationList;
			buildConfigurations = (
				092D33191C43E29F005DF854 /* Debug */,
				092D331A1C43E29F005DF854 /* Release */,
			);
			defaultConfigurationIsVisible = 0;
			defaultConfigurationName = Release;
		};
		092D331B1C43E29F005DF854 /* Build configuration list for PBXNativeTarget "singleton" */ = {
			isa = XCConfigurationList;
			buildConfigurations = (
				092D331C1C43E29F005DF854 /* Debug */,
				092D331D1C43E29F005DF854 /* Release */,
			);
			defaultConfigurationIsVisible = 0;
		};
		092D331E1C43E29F005DF854 /* Build configuration list for PBXNativeTarget "singletonTests" */ = {
			isa = XCConfigurationList;
			buildConfigurations = (
				092D331F1C43E29F005DF854 /* Debug */,
				092D33201C43E29F005DF854 /* Release */,
			);
			defaultConfigurationIsVisible = 0;
		};
		092D33211C43E29F005DF854 /* Build configuration list for PBXNativeTarget "singletonUITests" */ = {
			isa = XCConfigurationList;
			buildConfigurations = (
				092D33221C43E29F005DF854 /* Debug */,
				092D33231C43E29F005DF854 /* Release */,
			);
			defaultConfigurationIsVisible = 0;
		};
/* End XCConfigurationList section */
	};
	rootObject = 092D32E61C43E29E005DF854 /* Project object */;
}
